// !$*UTF8*$!
{
	archiveVersion = 1;
	classes = {
	};
	objectVersion = 46;
	objects = {

/* Begin PBXBuildFile section */
		1336EAEF165EB9A800FB4337 /* HikeSearchCriteria.m in Sources */ = {isa = PBXBuildFile; fileRef = 1336EAEE165EB9A800FB4337 /* HikeSearchCriteria.m */; };
		1336EAF316601C8A00FB4337 /* Hike.m in Sources */ = {isa = PBXBuildFile; fileRef = 1336EAF216601C8A00FB4337 /* Hike.m */; };
		1336EAF61660208400FB4337 /* HikeDataController.m in Sources */ = {isa = PBXBuildFile; fileRef = 1336EAF51660208400FB4337 /* HikeDataController.m */; };
		1381B6A8164F52680052EFE0 /* UIKit.framework in Frameworks */ = {isa = PBXBuildFile; fileRef = 1381B6A7164F52680052EFE0 /* UIKit.framework */; };
		1381B6AA164F52680052EFE0 /* Foundation.framework in Frameworks */ = {isa = PBXBuildFile; fileRef = 1381B6A9164F52680052EFE0 /* Foundation.framework */; };
		1381B6AC164F52680052EFE0 /* CoreGraphics.framework in Frameworks */ = {isa = PBXBuildFile; fileRef = 1381B6AB164F52680052EFE0 /* CoreGraphics.framework */; };
		1381B6B2164F52680052EFE0 /* InfoPlist.strings in Resources */ = {isa = PBXBuildFile; fileRef = 1381B6B0164F52680052EFE0 /* InfoPlist.strings */; };
		1381B6B4164F52680052EFE0 /* main.m in Sources */ = {isa = PBXBuildFile; fileRef = 1381B6B3164F52680052EFE0 /* main.m */; };
		1381B6B8164F52680052EFE0 /* HikeAppDelegate.m in Sources */ = {isa = PBXBuildFile; fileRef = 1381B6B7164F52680052EFE0 /* HikeAppDelegate.m */; };
		1381B6BA164F52680052EFE0 /* Default.png in Resources */ = {isa = PBXBuildFile; fileRef = 1381B6B9164F52680052EFE0 /* Default.png */; };
		1381B6BC164F52680052EFE0 /* Default@2x.png in Resources */ = {isa = PBXBuildFile; fileRef = 1381B6BB164F52680052EFE0 /* Default@2x.png */; };
		1381B6BE164F52680052EFE0 /* Default-568h@2x.png in Resources */ = {isa = PBXBuildFile; fileRef = 1381B6BD164F52680052EFE0 /* Default-568h@2x.png */; };
		1381B6C1164F52680052EFE0 /* MainStoryboard.storyboard in Resources */ = {isa = PBXBuildFile; fileRef = 1381B6BF164F52680052EFE0 /* MainStoryboard.storyboard */; };
		1381B6C4164F52680052EFE0 /* HikeViewController.m in Sources */ = {isa = PBXBuildFile; fileRef = 1381B6C3164F52680052EFE0 /* HikeViewController.m */; };
		1381B6CC1650E4520052EFE0 /* HikeSearchResultsViewController.m in Sources */ = {isa = PBXBuildFile; fileRef = 1381B6CB1650E4520052EFE0 /* HikeSearchResultsViewController.m */; };
/* End PBXBuildFile section */

/* Begin PBXFileReference section */
		1336EAED165EB9A800FB4337 /* HikeSearchCriteria.h */ = {isa = PBXFileReference; fileEncoding = 4; lastKnownFileType = sourcecode.c.h; path = HikeSearchCriteria.h; sourceTree = "<group>"; };
		1336EAEE165EB9A800FB4337 /* HikeSearchCriteria.m */ = {isa = PBXFileReference; fileEncoding = 4; lastKnownFileType = sourcecode.c.objc; path = HikeSearchCriteria.m; sourceTree = "<group>"; };
		1336EAF116601C8A00FB4337 /* Hike.h */ = {isa = PBXFileReference; fileEncoding = 4; lastKnownFileType = sourcecode.c.h; path = Hike.h; sourceTree = "<group>"; };
		1336EAF216601C8A00FB4337 /* Hike.m */ = {isa = PBXFileReference; fileEncoding = 4; lastKnownFileType = sourcecode.c.objc; path = Hike.m; sourceTree = "<group>"; };
		1336EAF41660208400FB4337 /* HikeDataController.h */ = {isa = PBXFileReference; fileEncoding = 4; lastKnownFileType = sourcecode.c.h; path = HikeDataController.h; sourceTree = "<group>"; };
		1336EAF51660208400FB4337 /* HikeDataController.m */ = {isa = PBXFileReference; fileEncoding = 4; lastKnownFileType = sourcecode.c.objc; path = HikeDataController.m; sourceTree = "<group>"; };
		1381B6A3164F52680052EFE0 /* Hikes.app */ = {isa = PBXFileReference; explicitFileType = wrapper.application; includeInIndex = 0; path = Hikes.app; sourceTree = BUILT_PRODUCTS_DIR; };
		1381B6A7164F52680052EFE0 /* UIKit.framework */ = {isa = PBXFileReference; lastKnownFileType = wrapper.framework; name = UIKit.framework; path = System/Library/Frameworks/UIKit.framework; sourceTree = SDKROOT; };
		1381B6A9164F52680052EFE0 /* Foundation.framework */ = {isa = PBXFileReference; lastKnownFileType = wrapper.framework; name = Foundation.framework; path = System/Library/Frameworks/Foundation.framework; sourceTree = SDKROOT; };
		1381B6AB164F52680052EFE0 /* CoreGraphics.framework */ = {isa = PBXFileReference; lastKnownFileType = wrapper.framework; name = CoreGraphics.framework; path = System/Library/Frameworks/CoreGraphics.framework; sourceTree = SDKROOT; };
		1381B6AF164F52680052EFE0 /* Hikes-Info.plist */ = {isa = PBXFileReference; lastKnownFileType = text.plist.xml; path = "Hikes-Info.plist"; sourceTree = "<group>"; };
		1381B6B1164F52680052EFE0 /* en */ = {isa = PBXFileReference; lastKnownFileType = text.plist.strings; name = en; path = en.lproj/InfoPlist.strings; sourceTree = "<group>"; };
		1381B6B3164F52680052EFE0 /* main.m */ = {isa = PBXFileReference; lastKnownFileType = sourcecode.c.objc; path = main.m; sourceTree = "<group>"; };
		1381B6B5164F52680052EFE0 /* Hikes-Prefix.pch */ = {isa = PBXFileReference; lastKnownFileType = sourcecode.c.h; path = "Hikes-Prefix.pch"; sourceTree = "<group>"; };
		1381B6B6164F52680052EFE0 /* HikeAppDelegate.h */ = {isa = PBXFileReference; lastKnownFileType = sourcecode.c.h; path = HikeAppDelegate.h; sourceTree = "<group>"; };
		1381B6B7164F52680052EFE0 /* HikeAppDelegate.m */ = {isa = PBXFileReference; lastKnownFileType = sourcecode.c.objc; path = HikeAppDelegate.m; sourceTree = "<group>"; };
		1381B6B9164F52680052EFE0 /* Default.png */ = {isa = PBXFileReference; lastKnownFileType = image.png; path = Default.png; sourceTree = "<group>"; };
		1381B6BB164F52680052EFE0 /* Default@2x.png */ = {isa = PBXFileReference; lastKnownFileType = image.png; path = "Default@2x.png"; sourceTree = "<group>"; };
		1381B6BD164F52680052EFE0 /* Default-568h@2x.png */ = {isa = PBXFileReference; lastKnownFileType = image.png; path = "Default-568h@2x.png"; sourceTree = "<group>"; };
		1381B6C0164F52680052EFE0 /* en */ = {isa = PBXFileReference; lastKnownFileType = file.storyboard; name = en; path = en.lproj/MainStoryboard.storyboard; sourceTree = "<group>"; };
		1381B6C2164F52680052EFE0 /* HikeViewController.h */ = {isa = PBXFileReference; lastKnownFileType = sourcecode.c.h; path = HikeViewController.h; sourceTree = "<group>"; };
		1381B6C3164F52680052EFE0 /* HikeViewController.m */ = {isa = PBXFileReference; lastKnownFileType = sourcecode.c.objc; path = HikeViewController.m; sourceTree = "<group>"; };
		1381B6CA1650E4520052EFE0 /* HikeSearchResultsViewController.h */ = {isa = PBXFileReference; fileEncoding = 4; lastKnownFileType = sourcecode.c.h; path = HikeSearchResultsViewController.h; sourceTree = "<group>"; };
		1381B6CB1650E4520052EFE0 /* HikeSearchResultsViewController.m */ = {isa = PBXFileReference; fileEncoding = 4; lastKnownFileType = sourcecode.c.objc; path = HikeSearchResultsViewController.m; sourceTree = "<group>"; };
/* End PBXFileReference section */

/* Begin PBXFrameworksBuildPhase section */
		1381B6A0164F52680052EFE0 /* Frameworks */ = {
			isa = PBXFrameworksBuildPhase;
			buildActionMask = 2147483647;
			files = (
				1381B6A8164F52680052EFE0 /* UIKit.framework in Frameworks */,
				1381B6AA164F52680052EFE0 /* Foundation.framework in Frameworks */,
				1381B6AC164F52680052EFE0 /* CoreGraphics.framework in Frameworks */,
			);
			runOnlyForDeploymentPostprocessing = 0;
		};
/* End PBXFrameworksBuildPhase section */

/* Begin PBXGroup section */
		1381B698164F52680052EFE0 = {
			isa = PBXGroup;
			children = (
				1381B6AD164F52680052EFE0 /* Hikes */,
				1381B6A6164F52680052EFE0 /* Frameworks */,
				1381B6A4164F52680052EFE0 /* Products */,
			);
			sourceTree = "<group>";
		};
		1381B6A4164F52680052EFE0 /* Products */ = {
			isa = PBXGroup;
			children = (
				1381B6A3164F52680052EFE0 /* Hikes.app */,
			);
			name = Products;
			sourceTree = "<group>";
		};
		1381B6A6164F52680052EFE0 /* Frameworks */ = {
			isa = PBXGroup;
			children = (
				1381B6A7164F52680052EFE0 /* UIKit.framework */,
				1381B6A9164F52680052EFE0 /* Foundation.framework */,
				1381B6AB164F52680052EFE0 /* CoreGraphics.framework */,
			);
			name = Frameworks;
			sourceTree = "<group>";
		};
		1381B6AD164F52680052EFE0 /* Hikes */ = {
			isa = PBXGroup;
			children = (
				1381B6B6164F52680052EFE0 /* HikeAppDelegate.h */,
				1381B6B7164F52680052EFE0 /* HikeAppDelegate.m */,
				1381B6BF164F52680052EFE0 /* MainStoryboard.storyboard */,
				1381B6C2164F52680052EFE0 /* HikeViewController.h */,
				1381B6CA1650E4520052EFE0 /* HikeSearchResultsViewController.h */,
				1381B6CB1650E4520052EFE0 /* HikeSearchResultsViewController.m */,
				1381B6C3164F52680052EFE0 /* HikeViewController.m */,
				1381B6AE164F52680052EFE0 /* Supporting Files */,
				1336EAED165EB9A800FB4337 /* HikeSearchCriteria.h */,
				1336EAEE165EB9A800FB4337 /* HikeSearchCriteria.m */,
				1336EAF116601C8A00FB4337 /* Hike.h */,
				1336EAF216601C8A00FB4337 /* Hike.m */,
				1336EAF41660208400FB4337 /* HikeDataController.h */,
				1336EAF51660208400FB4337 /* HikeDataController.m */,
			);
			path = Hikes;
			sourceTree = "<group>";
		};
		1381B6AE164F52680052EFE0 /* Supporting Files */ = {
			isa = PBXGroup;
			children = (
				1381B6AF164F52680052EFE0 /* Hikes-Info.plist */,
				1381B6B0164F52680052EFE0 /* InfoPlist.strings */,
				1381B6B3164F52680052EFE0 /* main.m */,
				1381B6B5164F52680052EFE0 /* Hikes-Prefix.pch */,
				1381B6B9164F52680052EFE0 /* Default.png */,
				1381B6BB164F52680052EFE0 /* Default@2x.png */,
				1381B6BD164F52680052EFE0 /* Default-568h@2x.png */,
			);
			name = "Supporting Files";
			sourceTree = "<group>";
		};
/* End PBXGroup section */

/* Begin PBXNativeTarget section */
		1381B6A2164F52680052EFE0 /* Hikes */ = {
			isa = PBXNativeTarget;
			buildConfigurationList = 1381B6C7164F52680052EFE0 /* Build configuration list for PBXNativeTarget "Hikes" */;
			buildPhases = (
				1381B69F164F52680052EFE0 /* Sources */,
				1381B6A0164F52680052EFE0 /* Frameworks */,
				1381B6A1164F52680052EFE0 /* Resources */,
			);
			buildRules = (
			);
			dependencies = (
			);
			name = Hikes;
			productName = Hikes;
			productReference = 1381B6A3164F52680052EFE0 /* Hikes.app */;
			productType = "com.apple.product-type.application";
		};
/* End PBXNativeTarget section */

/* Begin PBXProject section */
		1381B69A164F52680052EFE0 /* Project object */ = {
			isa = PBXProject;
			attributes = {
				CLASSPREFIX = Hike;
				LastUpgradeCheck = 0450;
				ORGANIZATIONNAME = theraju;
			};
			buildConfigurationList = 1381B69D164F52680052EFE0 /* Build configuration list for PBXProject "Hikes" */;
			compatibilityVersion = "Xcode 3.2";
			developmentRegion = English;
			hasScannedForEncodings = 0;
			knownRegions = (
				en,
			);
			mainGroup = 1381B698164F52680052EFE0;
			productRefGroup = 1381B6A4164F52680052EFE0 /* Products */;
			projectDirPath = "";
			projectRoot = "";
			targets = (
				1381B6A2164F52680052EFE0 /* Hikes */,
			);
		};
/* End PBXProject section */

/* Begin PBXResourcesBuildPhase section */
		1381B6A1164F52680052EFE0 /* Resources */ = {
			isa = PBXResourcesBuildPhase;
			buildActionMask = 2147483647;
			files = (
				1381B6B2164F52680052EFE0 /* InfoPlist.strings in Resources */,
				1381B6BA164F52680052EFE0 /* Default.png in Resources */,
				1381B6BC164F52680052EFE0 /* Default@2x.png in Resources */,
				1381B6BE164F52680052EFE0 /* Default-568h@2x.png in Resources */,
				1381B6C1164F52680052EFE0 /* MainStoryboard.storyboard in Resources */,
			);
			runOnlyForDeploymentPostprocessing = 0;
		};
/* End PBXResourcesBuildPhase section */

/* Begin PBXSourcesBuildPhase section */
		1381B69F164F52680052EFE0 /* Sources */ = {
			isa = PBXSourcesBuildPhase;
			buildActionMask = 2147483647;
			files = (
				1381B6B4164F52680052EFE0 /* main.m in Sources */,
				1381B6B8164F52680052EFE0 /* HikeAppDelegate.m in Sources */,
				1381B6C4164F52680052EFE0 /* HikeViewController.m in Sources */,
				1381B6CC1650E4520052EFE0 /* HikeSearchResultsViewController.m in Sources */,
				1336EAEF165EB9A800FB4337 /* HikeSearchCriteria.m in Sources */,
				1336EAF316601C8A00FB4337 /* Hike.m in Sources */,
				1336EAF61660208400FB4337 /* HikeDataController.m in Sources */,
			);
			runOnlyForDeploymentPostprocessing = 0;
		};
/* End PBXSourcesBuildPhase section */

/* Begin PBXVariantGroup section */
		1381B6B0164F52680052EFE0 /* InfoPlist.strings */ = {
			isa = PBXVariantGroup;
			children = (
				1381B6B1164F52680052EFE0 /* en */,
			);
			name = InfoPlist.strings;
			sourceTree = "<group>";
		};
		1381B6BF164F52680052EFE0 /* MainStoryboard.storyboard */ = {
			isa = PBXVariantGroup;
			children = (
				1381B6C0164F52680052EFE0 /* en */,
			);
			name = MainStoryboard.storyboard;
			sourceTree = "<group>";
		};
/* End PBXVariantGroup section */

/* Begin XCBuildConfiguration section */
		1381B6C5164F52680052EFE0 /* Debug */ = {
			isa = XCBuildConfiguration;
			buildSettings = {
				ALWAYS_SEARCH_USER_PATHS = NO;
				CLANG_CXX_LANGUAGE_STANDARD = "gnu++0x";
				CLANG_CXX_LIBRARY = "libc++";
				CLANG_ENABLE_OBJC_ARC = YES;
				CLANG_WARN_EMPTY_BODY = YES;
				CLANG_WARN__DUPLICATE_METHOD_MATCH = YES;
				"CODE_SIGN_IDENTITY[sdk=iphoneos*]" = "iPhone Developer";
				COPY_PHASE_STRIP = NO;
				GCC_C_LANGUAGE_STANDARD = gnu99;
				GCC_DYNAMIC_NO_PIC = NO;
				GCC_OPTIMIZATION_LEVEL = 0;
				GCC_PREPROCESSOR_DEFINITIONS = (
					"DEBUG=1",
					"$(inherited)",
				);
				GCC_SYMBOLS_PRIVATE_EXTERN = NO;
				GCC_WARN_ABOUT_RETURN_TYPE = YES;
				GCC_WARN_UNINITIALIZED_AUTOS = YES;
				GCC_WARN_UNUSED_VARIABLE = YES;
				IPHONEOS_DEPLOYMENT_TARGET = 6.0;
				SDKROOT = iphoneos;
			};
			name = Debug;
		};
		1381B6C6164F52680052EFE0 /* Release */ = {
			isa = XCBuildConfiguration;
			buildSettings = {
				ALWAYS_SEARCH_USER_PATHS = NO;
				CLANG_CXX_LANGUAGE_STANDARD = "gnu++0x";
				CLANG_CXX_LIBRARY = "libc++";
				CLANG_ENABLE_OBJC_ARC = YES;
				CLANG_WARN_EMPTY_BODY = YES;
				CLANG_WARN__DUPLICATE_METHOD_MATCH = YES;
				"CODE_SIGN_IDENTITY[sdk=iphoneos*]" = "iPhone Developer";
				COPY_PHASE_STRIP = YES;
				GCC_C_LANGUAGE_STANDARD = gnu99;
				GCC_WARN_ABOUT_RETURN_TYPE = YES;
				GCC_WARN_UNINITIALIZED_AUTOS = YES;
				GCC_WARN_UNUSED_VARIABLE = YES;
				IPHONEOS_DEPLOYMENT_TARGET = 6.0;
				OTHER_CFLAGS = "-DNS_BLOCK_ASSERTIONS=1";
				SDKROOT = iphoneos;
				VALIDATE_PRODUCT = YES;
			};
			name = Release;
		};
		1381B6C8164F52680052EFE0 /* Debug */ = {
			isa = XCBuildConfiguration;
			buildSettings = {
				GCC_PRECOMPILE_PREFIX_HEADER = YES;
				GCC_PREFIX_HEADER = "Hikes/Hikes-Prefix.pch";
				INFOPLIST_FILE = "Hikes/Hikes-Info.plist";
				PRODUCT_NAME = "$(TARGET_NAME)";
				WRAPPER_EXTENSION = app;
			};
			name = Debug;
		};
		1381B6C9164F52680052EFE0 /* Release */ = {
			isa = XCBuildConfiguration;
			buildSettings = {
				GCC_PRECOMPILE_PREFIX_HEADER = YES;
				GCC_PREFIX_HEADER = "Hikes/Hikes-Prefix.pch";
				INFOPLIST_FILE = "Hikes/Hikes-Info.plist";
				PRODUCT_NAME = "$(TARGET_NAME)";
				WRAPPER_EXTENSION = app;
			};
			name = Release;
		};
/* End XCBuildConfiguration section */

/* Begin XCConfigurationList section */
		1381B69D164F52680052EFE0 /* Build configuration list for PBXProject "Hikes" */ = {
			isa = XCConfigurationList;
			buildConfigurations = (
				1381B6C5164F52680052EFE0 /* Debug */,
				1381B6C6164F52680052EFE0 /* Release */,
			);
			defaultConfigurationIsVisible = 0;
			defaultConfigurationName = Release;
		};
		1381B6C7164F52680052EFE0 /* Build configuration list for PBXNativeTarget "Hikes" */ = {
			isa = XCConfigurationList;
			buildConfigurations = (
				1381B6C8164F52680052EFE0 /* Debug */,
				1381B6C9164F52680052EFE0 /* Release */,
			);
			defaultConfigurationIsVisible = 0;
			defaultConfigurationName = Release;
		};
/* End XCConfigurationList section */
	};
	rootObject = 1381B69A164F52680052EFE0 /* Project object */;
}
